PODS:
  - CMDQueryStringSerialization (0.4.1):
    - ISO8601
  - ISO8601 (0.3.0)
  - ReactiveCocoa (2.4.7):
    - ReactiveCocoa/UI (= 2.4.7)
  - ReactiveCocoa/Core (2.4.7):
    - ReactiveCocoa/no-arc
  - ReactiveCocoa/no-arc (2.4.7)
  - ReactiveCocoa/UI (2.4.7):
    - ReactiveCocoa/Core
  - SimpleAuth/Core (0.3.6):
    - CMDQueryStringSerialization
    - ReactiveCocoa
  - SimpleAuth/Instagram (0.3.6):
    - SimpleAuth/Core
    - SimpleAuth/UI
  - SimpleAuth/UI (0.3.6):
    - SimpleAuth/Core

DEPENDENCIES:
  - ReactiveCocoa (= 2.4.7)
  - SimpleAuth/Instagram (= 0.3.6)

SPEC CHECKSUMS:
  CMDQueryStringSerialization: 4bb0a2f5e7d8d8678d911d88072274952cbef4e5
  ISO8601: 8d8a22d5edf0554a1cf75bac028c76c1dc0ffaef
  ReactiveCocoa: eb38dee0a0e698f73a9b25e5c1faea2bb4c79240
  SimpleAuth: 3f9cc008a7d2b82163c117a328d80380072afa4e

COCOAPODS: 0.38.2
